
Microsoft Visual Studio Solution File, Format Version 12.00
# Visual Studio Version 16
VisualStudioVersion = 16.0.28407.52
MinimumVisualStudioVersion = 10.0.40219.1
Project("{FAE04EC0-301F-11D3-BF4B-00C04F79EFBC}") = "NugetExampleProject", "NugetExampleProject\NugetExampleProject.csproj", "{90724E79-2FEE-48A8-B283-3F1C825A9EA5}"
EndProject
Project("{FAE04EC0-301F-11D3-BF4B-00C04F79EFBC}") = "NugetExampleProjectTests", "NugetExampleProjectTests\NugetExampleProjectTests.csproj", "{AFED4D99-DAFA-4C25-8DF3-C8BF59CC64BB}"
EndProject
Global
	GlobalSection(SolutionConfigurationPlatforms) = preSolution
		Debug|Any CPU = Debug|Any CPU
		Release|Any CPU = Release|Any CPU
	EndGlobalSection
	GlobalSection(ProjectConfigurationPlatforms) = postSolution
		{90724E79-2FEE-48A8-B283-3F1C825A9EA5}.Debug|Any CPU.ActiveCfg = Debug|Any CPU
		{90724E79-2FEE-48A8-B283-3F1C825A9EA5}.Debug|Any CPU.Build.0 = Debug|Any CPU
		{90724E79-2FEE-48A8-B283-3F1C825A9EA5}.Release|Any CPU.ActiveCfg = Release|Any CPU
		{90724E79-2FEE-48A8-B283-3F1C825A9EA5}.Release|Any CPU.Build.0 = Release|Any CPU
		{AFED4D99-DAFA-4C25-8DF3-C8BF59CC64BB}.Debug|Any CPU.ActiveCfg = Debug|Any CPU
		{AFED4D99-DAFA-4C25-8DF3-C8BF59CC64BB}.Debug|Any CPU.Build.0 = Debug|Any CPU
		{AFED4D99-DAFA-4C25-8DF3-C8BF59CC64BB}.Release|Any CPU.ActiveCfg = Release|Any CPU
		{AFED4D99-DAFA-4C25-8DF3-C8BF59CC64BB}.Release|Any CPU.Build.0 = Release|Any CPU
	EndGlobalSection
	GlobalSection(SolutionProperties) = preSolution
		HideSolutionNode = FALSE
	EndGlobalSection
	GlobalSection(ExtensibilityGlobals) = postSolution
		SolutionGuid = {A232362B-FF4D-4FDA-9AE8-9DE3CCC6D467}
	EndGlobalSection
EndGlobal
